
Microsoft Visual Studio Solution File, Format Version 12.00
# Visual Studio Version 17
VisualStudioVersion = 17.3.32901.215
MinimumVisualStudioVersion = 10.0.40219.1
Project("{FAE04EC0-301F-11D3-BF4B-00C04F79EFBC}") = "Sudoku", "Sudoku.csproj", "{B132FAF0-CDAA-4AD7-8A3F-548B593DAA99}"
EndProject
Global
	GlobalSection(SolutionConfigurationPlatforms) = preSolution
		Debug|Any CPU = Debug|Any CPU
		Release|Any CPU = Release|Any CPU
	EndGlobalSection
	GlobalSection(ProjectConfigurationPlatforms) = postSolution
		{B132FAF0-CDAA-4AD7-8A3F-548B593DAA99}.Debug|Any CPU.ActiveCfg = Debug|Any CPU
		{B132FAF0-CDAA-4AD7-8A3F-548B593DAA99}.Debug|Any CPU.Build.0 = Debug|Any CPU
		{B132FAF0-CDAA-4AD7-8A3F-548B593DAA99}.Release|Any CPU.ActiveCfg = Release|Any CPU
		{B132FAF0-CDAA-4AD7-8A3F-548B593DAA99}.Release|Any CPU.Build.0 = Release|Any CPU
	EndGlobalSection
	GlobalSection(SolutionProperties) = preSolution
		HideSolutionNode = FALSE
	EndGlobalSection
	GlobalSection(ExtensibilityGlobals) = postSolution
		SolutionGuid = {D4B2A163-A6F1-4516-B7C3-BD048BBF3E04}
	EndGlobalSection
EndGlobal
